
Microsoft Visual Studio Solution File, Format Version 12.00
# Visual Studio Version 17
VisualStudioVersion = 17.2.32602.215
MinimumVisualStudioVersion = 10.0.40219.1
Project("{9A19103F-16F7-4668-BE54-9A1E7A4F7556}") = "ITCMS_HUIT.API", "ITCMS_HUIT.API\ITCMS_HUIT.API.csproj", "{B7FAAC81-C9B5-44F6-B50A-2F00F7332A33}"
EndProject
Project("{2150E333-8FDC-42A3-9474-1A3956D46DE8}") = "Client", "Client", "{32272896-17AB-426A-B0FF-BAFD4E6340FF}"
EndProject
Project("{9A19103F-16F7-4668-BE54-9A1E7A4F7556}") = "ITCMS_HUIT.Client", "ITCMS_HUIT.Client\ITCMS_HUIT.Client.csproj", "{0FF2721A-92EE-452F-8CF6-2C649570DD8C}"
EndProject
Project("{2150E333-8FDC-42A3-9474-1A3956D46DE8}") = "API", "API", "{41467A2F-28A4-456D-B725-9B9DC33568E0}"
EndProject
Project("{9A19103F-16F7-4668-BE54-9A1E7A4F7556}") = "Services", "Services\Services.csproj", "{CABF9699-B26C-44A3-911C-A75A3EC94E15}"
EndProject
Project("{FAE04EC0-301F-11D3-BF4B-00C04F79EFBC}") = "ITCMS_HUIT.Repository", "ITCMS_HUIT.DAO\ITCMS_HUIT.Repository.csproj", "{BFF0F592-DAF5-49D8-8040-BC4916D2EBD0}"
EndProject
Project("{FAE04EC0-301F-11D3-BF4B-00C04F79EFBC}") = "ITCMS_HUIT.Models", "ITCMS_HUIT.Models\ITCMS_HUIT.Models.csproj", "{1CFFF00F-DF6A-4FA2-9D51-21C08F304011}"
EndProject
Project("{FAE04EC0-301F-11D3-BF4B-00C04F79EFBC}") = "ITCMS_HUIT.DTO", "ITCMS_HUIT.DTO\ITCMS_HUIT.DTO.csproj", "{C0039908-BB9E-4BA2-BC76-F893B929CA67}"
EndProject
Global
	GlobalSection(SolutionConfigurationPlatforms) = preSolution
		Debug|Any CPU = Debug|Any CPU
		Release|Any CPU = Release|Any CPU
	EndGlobalSection
	GlobalSection(ProjectConfigurationPlatforms) = postSolution
		{B7FAAC81-C9B5-44F6-B50A-2F00F7332A33}.Debug|Any CPU.ActiveCfg = Debug|Any CPU
		{B7FAAC81-C9B5-44F6-B50A-2F00F7332A33}.Debug|Any CPU.Build.0 = Debug|Any CPU
		{B7FAAC81-C9B5-44F6-B50A-2F00F7332A33}.Release|Any CPU.ActiveCfg = Release|Any CPU
		{B7FAAC81-C9B5-44F6-B50A-2F00F7332A33}.Release|Any CPU.Build.0 = Release|Any CPU
		{0FF2721A-92EE-452F-8CF6-2C649570DD8C}.Debug|Any CPU.ActiveCfg = Debug|Any CPU
		{0FF2721A-92EE-452F-8CF6-2C649570DD8C}.Debug|Any CPU.Build.0 = Debug|Any CPU
		{0FF2721A-92EE-452F-8CF6-2C649570DD8C}.Release|Any CPU.ActiveCfg = Release|Any CPU
		{0FF2721A-92EE-452F-8CF6-2C649570DD8C}.Release|Any CPU.Build.0 = Release|Any CPU
		{CABF9699-B26C-44A3-911C-A75A3EC94E15}.Debug|Any CPU.ActiveCfg = Debug|Any CPU
		{CABF9699-B26C-44A3-911C-A75A3EC94E15}.Debug|Any CPU.Build.0 = Debug|Any CPU
		{CABF9699-B26C-44A3-911C-A75A3EC94E15}.Release|Any CPU.ActiveCfg = Release|Any CPU
		{CABF9699-B26C-44A3-911C-A75A3EC94E15}.Release|Any CPU.Build.0 = Release|Any CPU
		{BFF0F592-DAF5-49D8-8040-BC4916D2EBD0}.Debug|Any CPU.ActiveCfg = Debug|Any CPU
		{BFF0F592-DAF5-49D8-8040-BC4916D2EBD0}.Debug|Any CPU.Build.0 = Debug|Any CPU
		{BFF0F592-DAF5-49D8-8040-BC4916D2EBD0}.Release|Any CPU.ActiveCfg = Release|Any CPU
		{BFF0F592-DAF5-49D8-8040-BC4916D2EBD0}.Release|Any CPU.Build.0 = Release|Any CPU
		{1CFFF00F-DF6A-4FA2-9D51-21C08F304011}.Debug|Any CPU.ActiveCfg = Debug|Any CPU
		{1CFFF00F-DF6A-4FA2-9D51-21C08F304011}.Debug|Any CPU.Build.0 = Debug|Any CPU
		{1CFFF00F-DF6A-4FA2-9D51-21C08F304011}.Release|Any CPU.ActiveCfg = Release|Any CPU
		{1CFFF00F-DF6A-4FA2-9D51-21C08F304011}.Release|Any CPU.Build.0 = Release|Any CPU
		{C0039908-BB9E-4BA2-BC76-F893B929CA67}.Debug|Any CPU.ActiveCfg = Debug|Any CPU
		{C0039908-BB9E-4BA2-BC76-F893B929CA67}.Debug|Any CPU.Build.0 = Debug|Any CPU
		{C0039908-BB9E-4BA2-BC76-F893B929CA67}.Release|Any CPU.ActiveCfg = Release|Any CPU
		{C0039908-BB9E-4BA2-BC76-F893B929CA67}.Release|Any CPU.Build.0 = Release|Any CPU
	EndGlobalSection
	GlobalSection(SolutionProperties) = preSolution
		HideSolutionNode = FALSE
	EndGlobalSection
	GlobalSection(NestedProjects) = preSolution
		{B7FAAC81-C9B5-44F6-B50A-2F00F7332A33} = {41467A2F-28A4-456D-B725-9B9DC33568E0}
		{0FF2721A-92EE-452F-8CF6-2C649570DD8C} = {32272896-17AB-426A-B0FF-BAFD4E6340FF}
		{CABF9699-B26C-44A3-911C-A75A3EC94E15} = {41467A2F-28A4-456D-B725-9B9DC33568E0}
		{BFF0F592-DAF5-49D8-8040-BC4916D2EBD0} = {41467A2F-28A4-456D-B725-9B9DC33568E0}
		{1CFFF00F-DF6A-4FA2-9D51-21C08F304011} = {41467A2F-28A4-456D-B725-9B9DC33568E0}
		{C0039908-BB9E-4BA2-BC76-F893B929CA67} = {41467A2F-28A4-456D-B725-9B9DC33568E0}
	EndGlobalSection
	GlobalSection(ExtensibilityGlobals) = postSolution
		SolutionGuid = {4019A559-E765-4FA6-970D-D9D9FAE67F2C}
	EndGlobalSection
EndGlobal
